
Microsoft Visual Studio Solution File, Format Version 12.00
# Visual Studio Version 16
VisualStudioVersion = 16.0.28803.452
MinimumVisualStudioVersion = 10.0.40219.1
Project("{FAE04EC0-301F-11D3-BF4B-00C04F79EFBC}") = "ImageViewer", "ImageViewer\ImageViewer.csproj", "{5A0763C0-4347-426E-B575-254B62872DDE}"
EndProject
Global
	GlobalSection(SolutionConfigurationPlatforms) = preSolution
		Debug|Any CPU = Debug|Any CPU
		Release|Any CPU = Release|Any CPU
	EndGlobalSection
	GlobalSection(ProjectConfigurationPlatforms) = postSolution
		{5A0763C0-4347-426E-B575-254B62872DDE}.Debug|Any CPU.ActiveCfg = Debug|Any CPU
		{5A0763C0-4347-426E-B575-254B62872DDE}.Debug|Any CPU.Build.0 = Debug|Any CPU
		{5A0763C0-4347-426E-B575-254B62872DDE}.Release|Any CPU.ActiveCfg = Release|Any CPU
		{5A0763C0-4347-426E-B575-254B62872DDE}.Release|Any CPU.Build.0 = Release|Any CPU
	EndGlobalSection
	GlobalSection(SolutionProperties) = preSolution
		HideSolutionNode = FALSE
	EndGlobalSection
	GlobalSection(ExtensibilityGlobals) = postSolution
		SolutionGuid = {C761FFD6-B6AB-4BAD-A5E5-10808C66BF33}
	EndGlobalSection
EndGlobal
